
Microsoft Visual Studio Solution File, Format Version 12.00
# Visual Studio Version 17
VisualStudioVersion = 17.13.35825.156
MinimumVisualStudioVersion = 10.0.40219.1
Project("{FAE04EC0-301F-11D3-BF4B-00C04F79EFBC}") = "WebShop.Presentation", "WebShop.Presentation\WebShop.Presentation.csproj", "{C96BDF7C-E454-4CCB-9E78-3EAAB8841801}"
EndProject
Project("{FAE04EC0-301F-11D3-BF4B-00C04F79EFBC}") = "WebShop.Sql", "WebShop.Sql\WebShop.Sql.csproj", "{49AB391D-FD04-410C-8814-F0E3DCA6F96F}"
EndProject
Project("{FAE04EC0-301F-11D3-BF4B-00C04F79EFBC}") = "WebShop.Core", "WebShop.Core\WebShop.Core.csproj", "{90C62AE9-85FF-452B-B29F-0A741732CAF7}"
EndProject
Project("{FAE04EC0-301F-11D3-BF4B-00C04F79EFBC}") = "WebShop.DataGenerator", "WebShop.DataGenerator\WebShop.DataGenerator.csproj", "{6A05D924-A1A9-4D41-BC73-1951A932400E}"
EndProject
Global
	GlobalSection(SolutionConfigurationPlatforms) = preSolution
		Debug|Any CPU = Debug|Any CPU
		Release|Any CPU = Release|Any CPU
	EndGlobalSection
	GlobalSection(ProjectConfigurationPlatforms) = postSolution
		{C96BDF7C-E454-4CCB-9E78-3EAAB8841801}.Debug|Any CPU.ActiveCfg = Debug|Any CPU
		{C96BDF7C-E454-4CCB-9E78-3EAAB8841801}.Debug|Any CPU.Build.0 = Debug|Any CPU
		{C96BDF7C-E454-4CCB-9E78-3EAAB8841801}.Release|Any CPU.ActiveCfg = Release|Any CPU
		{C96BDF7C-E454-4CCB-9E78-3EAAB8841801}.Release|Any CPU.Build.0 = Release|Any CPU
		{49AB391D-FD04-410C-8814-F0E3DCA6F96F}.Debug|Any CPU.ActiveCfg = Debug|Any CPU
		{49AB391D-FD04-410C-8814-F0E3DCA6F96F}.Debug|Any CPU.Build.0 = Debug|Any CPU
		{49AB391D-FD04-410C-8814-F0E3DCA6F96F}.Release|Any CPU.ActiveCfg = Release|Any CPU
		{49AB391D-FD04-410C-8814-F0E3DCA6F96F}.Release|Any CPU.Build.0 = Release|Any CPU
		{90C62AE9-85FF-452B-B29F-0A741732CAF7}.Debug|Any CPU.ActiveCfg = Debug|Any CPU
		{90C62AE9-85FF-452B-B29F-0A741732CAF7}.Debug|Any CPU.Build.0 = Debug|Any CPU
		{90C62AE9-85FF-452B-B29F-0A741732CAF7}.Release|Any CPU.ActiveCfg = Release|Any CPU
		{90C62AE9-85FF-452B-B29F-0A741732CAF7}.Release|Any CPU.Build.0 = Release|Any CPU
		{6A05D924-A1A9-4D41-BC73-1951A932400E}.Debug|Any CPU.ActiveCfg = Debug|Any CPU
		{6A05D924-A1A9-4D41-BC73-1951A932400E}.Debug|Any CPU.Build.0 = Debug|Any CPU
		{6A05D924-A1A9-4D41-BC73-1951A932400E}.Release|Any CPU.ActiveCfg = Release|Any CPU
		{6A05D924-A1A9-4D41-BC73-1951A932400E}.Release|Any CPU.Build.0 = Release|Any CPU
	EndGlobalSection
	GlobalSection(SolutionProperties) = preSolution
		HideSolutionNode = FALSE
	EndGlobalSection
	GlobalSection(ExtensibilityGlobals) = postSolution
		SolutionGuid = {9FEEEB2F-15CA-4DB2-949F-7F12BD620B8B}
	EndGlobalSection
EndGlobal
